<?xml version="1.0" encoding="utf-8"?>
<Project ToolsVersion="4.0" xmlns="http://schemas.microsoft.com/developer/msbuild/2003">
  <ItemGroup>
    <Filter Include="Source Files">
      <UniqueIdentifier>{4FC737F1-C7A5-4376-A066-2A32D752A2FF}</UniqueIdentifier>
      <Extensions>cpp;c;cc;cxx;c++;cppm;ixx;def;odl;idl;hpj;bat;asm;asmx</Extensions>
    </Filter>
    <Filter Include="Header Files">
      <UniqueIdentifier>{93995380-89BD-4b04-88EB-625FBE52EBFB}</UniqueIdentifier>
      <Extensions>h;hh;hpp;hxx;h++;hm;inl;inc;ipp;xsd</Extensions>
    </Filter>
    <Filter Include="Resource Files">
      <UniqueIdentifier>{67DA6AB6-F800-4c08-8B7A-83BB121AAD01}</UniqueIdentifier>
      <Extensions>rc;ico;cur;bmp;dlg;rc2;rct;bin;rgs;gif;jpg;jpeg;jpe;resx;tiff;tif;png;wav;mfcribbon-ms</Extensions>
    </Filter>
  </ItemGroup>
  <ItemGroup>
    <ClCompile Include="main.cpp">
      <Filter>Source Files</Filter>
    </ClCompile>
    <ClCompile Include="DAL.cpp">
      <Filter>Source Files</Filter>
    </ClCompile>
    <ClCompile Include="getter.cpp">
      <Filter>Source Files</Filter>
    </ClCompile>
    <ClCompile Include="requestamenda.cpp">
      <Filter>Source Files</Filter>
    </ClCompile>
    <ClCompile Include="requestvizualizare.cpp">
      <Filter>Source Files</Filter>
    </ClCompile>
    <ClCompile Include="requestvirament.cpp">
      <Filter>Source Files</Filter>
    </ClCompile>
    <ClCompile Include="requestdeschidere.cpp">
      <Filter>Source Files</Filter>
    </ClCompile>
    <ClCompile Include="requestdelete.cpp">
      <Filter>Source Files</Filter>
    </ClCompile>
    <ClCompile Include="requestlogin.cpp">
      <Filter>Source Files</Filter>
    </ClCompile>
    <ClCompile Include="requestregister.cpp">
      <Filter>Source Files</Filter>
    </ClCompile>
    <ClCompile Include="meniu_baza.cpp">
      <Filter>Source Files</Filter>
    </ClCompile>
    <ClCompile Include="nod_tranzactie.cpp">
      <Filter>Source Files</Filter>
    </ClCompile>
    <ClCompile Include="LinkedList.cpp">
      <Filter>Source Files</Filter>
    </ClCompile>
    <ClCompile Include="requestcard.cpp">
      <Filter>Source Files</Filter>
    </ClCompile>
  </ItemGroup>
  <ItemGroup>
    <ClInclude Include="DAL.h">
      <Filter>Header Files</Filter>
    </ClInclude>
    <ClInclude Include="amenzi.h">
      <Filter>Header Files</Filter>
    </ClInclude>
    <ClInclude Include="CARDURI.h">
      <Filter>Header Files</Filter>
    </ClInclude>
    <ClInclude Include="Conturi.h">
      <Filter>Header Files</Filter>
    </ClInclude>
    <ClInclude Include="DEPOZITE.h">
      <Filter>Header Files</Filter>
    </ClInclude>
    <ClInclude Include="IBANuri.h">
      <Filter>Header Files</Filter>
    </ClInclude>
    <ClInclude Include="Tranzactii.h">
      <Filter>Header Files</Filter>
    </ClInclude>
    <ClInclude Include="getter.h">
      <Filter>Header Files</Filter>
    </ClInclude>
    <ClInclude Include="Factory.h">
      <Filter>Header Files</Filter>
    </ClInclude>
    <ClInclude Include="irequest.h">
      <Filter>Header Files</Filter>
    </ClInclude>
    <ClInclude Include="requestamenda.h">
      <Filter>Header Files</Filter>
    </ClInclude>
    <ClInclude Include="requestvizualizare.h">
      <Filter>Header Files</Filter>
    </ClInclude>
    <ClInclude Include="requestvirament.h">
      <Filter>Header Files</Filter>
    </ClInclude>
    <ClInclude Include="requestdeschidere.h">
      <Filter>Header Files</Filter>
    </ClInclude>
    <ClInclude Include="requestdelete.h">
      <Filter>Header Files</Filter>
    </ClInclude>
    <ClInclude Include="requestlogin.h">
      <Filter>Header Files</Filter>
    </ClInclude>
    <ClInclude Include="requestregister.h">
      <Filter>Header Files</Filter>
    </ClInclude>
    <ClInclude Include="meniu_baza.h">
      <Filter>Header Files</Filter>
    </ClInclude>
    <ClInclude Include="nod_tranzactie.h">
      <Filter>Header Files</Filter>
    </ClInclude>
    <ClInclude Include="LinkedList.h">
      <Filter>Header Files</Filter>
    </ClInclude>
    <ClInclude Include="requestcard.h">
      <Filter>Header Files</Filter>
    </ClInclude>
  </ItemGroup>
</Project>